PODS:
  - CarambaKit/Foundation (1.0.6):
    - Result (~> 3.0)
    - SwiftyJSON (~> 3.0)
  - CarambaKit/Networking (1.0.6):
    - CarambaKit/Foundation
    - KeychainSwift (~> 6.0)
  - KeychainSwift (6.0.2)
  - Nimble (5.1.1)
  - OHHTTPStubs (5.2.2):
    - OHHTTPStubs/Default (= 5.2.2)
  - OHHTTPStubs/Core (5.2.2)
  - OHHTTPStubs/Default (5.2.2):
    - OHHTTPStubs/Core
    - OHHTTPStubs/JSON
    - OHHTTPStubs/NSURLSession
    - OHHTTPStubs/OHPathHelpers
  - OHHTTPStubs/JSON (5.2.2):
    - OHHTTPStubs/Core
  - OHHTTPStubs/NSURLSession (5.2.2):
    - OHHTTPStubs/Core
  - OHHTTPStubs/OHPathHelpers (5.2.2)
  - OHHTTPStubs/Swift (5.2.2):
    - OHHTTPStubs/Core
  - Quick (0.10.0)
  - Result (3.0.0)
  - SwiftyJSON (3.1.1)
  - UnsplashKit (0.0.24):
    - CarambaKit/Networking (~> 1.0.0)

DEPENDENCIES:
  - Nimble (~> 5.0)
  - OHHTTPStubs (~> 5.2.1)
  - OHHTTPStubs/Swift (~> 5.2.1)
  - Quick (~> 0.9)
  - UnsplashKit (from `../`)

EXTERNAL SOURCES:
  UnsplashKit:
    :path: "../"

SPEC CHECKSUMS:
  CarambaKit: 54cf14e7dd321f0321db8eadac1daca71b315df0
  KeychainSwift: a261364334000afa8fab0894390d5d00dd226d4c
  Nimble: 415e3aa3267e7bc2c96b05fa814ddea7bb686a29
  OHHTTPStubs: 34d9d0994e64fcf8552dbfade5ce82ada913ee31
  Quick: 5d290df1c69d5ee2f0729956dcf0fd9a30447eaa
  Result: 1b3e431f37cbcd3ad89c6aa9ab0ae55515fae3b6
  SwiftyJSON: f0be2e604f83e8405a624e9f891898bf6ed4e019
  UnsplashKit: 790234686301a4d11d99c5081341992a12a4421e

PODFILE CHECKSUM: feaa04f61ea4e78e851e6503768b584fd08bf3eb

COCOAPODS: 1.1.1
